{
  "name": "BLOBTunnelNodeJS",
  "lockfileVersion": 2,
  "requires": true,
  "packages": {
    "": {
      "dependencies": {
        "random-access-file": "^4.0.0",
        "ws": "^8.13.0"
      }
    },
    "node_modules/events": {
      "version": "3.3.0",
      "resolved": "https://registry.npmjs.org/events/-/events-3.3.0.tgz",
      "integrity": "sha512-mQw+2fkQbALzQ7V0MY0IqdnXNOeTtP4r0lN9z7AAawCXgqea7bDii20AYrIBrFd/Hx0M2Ocz6S111CaFkUcb0Q==",
      "engines": {
        "node": ">=0.8.x"
      }
    },
    "node_modules/fs-native-extensions": {
      "version": "1.2.1",
      "resolved": "https://registry.npmjs.org/fs-native-extensions/-/fs-native-extensions-1.2.1.tgz",
      "integrity": "sha512-dbRr0JJjosPyYvrG3cuampPRRCG3MeLraK2QTc1nJa9bHUmthRXMQ+RreWlZFma+GY5sujYq/OtHQ2+My9gyVw==",
      "hasInstallScript": true,
      "optional": true,
      "dependencies": {
        "napi-macros": "^2.0.0",
        "node-gyp-build": "^4.2.3",
        "uv-errors": "^1.0.1"
      }
    },
    "node_modules/napi-macros": {
      "version": "2.2.2",
      "resolved": "https://registry.npmjs.org/napi-macros/-/napi-macros-2.2.2.tgz",
      "integrity": "sha512-hmEVtAGYzVQpCKdbQea4skABsdXW4RUh5t5mJ2zzqowJS2OyXZTU1KhDVFhx+NlWZ4ap9mqR9TcDO3LTTttd+g==",
      "optional": true
    },
    "node_modules/node-gyp-build": {
      "version": "4.6.0",
      "resolved": "https://registry.npmjs.org/node-gyp-build/-/node-gyp-build-4.6.0.tgz",
      "integrity": "sha512-NTZVKn9IylLwUzaKjkas1e4u2DLNcV4rdYagA4PWdPwW87Bi7z+BznyKSRwS/761tV/lzCGXplWsiaMjLqP2zQ==",
      "optional": true,
      "bin": {
        "node-gyp-build": "bin.js",
        "node-gyp-build-optional": "optional.js",
        "node-gyp-build-test": "build-test.js"
      }
    },
    "node_modules/queue-tick": {
      "version": "1.0.1",
      "resolved": "https://registry.npmjs.org/queue-tick/-/queue-tick-1.0.1.tgz",
      "integrity": "sha512-kJt5qhMxoszgU/62PLP1CJytzd2NKetjSRnyuj31fDd3Rlcz3fzlFdFLD1SItunPwyqEOkca6GbV612BWfaBag=="
    },
    "node_modules/random-access-file": {
      "version": "4.0.0",
      "resolved": "https://registry.npmjs.org/random-access-file/-/random-access-file-4.0.0.tgz",
      "integrity": "sha512-9nk4xujIoF1bGVxd6XiM/3cnJevNYLAjv9nPmJXbCn/3fxXBr9jb9IodIDJvtiTKFwVzlwGzGGqM+zVbRw6Yaw==",
      "dependencies": {
        "random-access-storage": "^3.0.0"
      },
      "optionalDependencies": {
        "fs-native-extensions": "^1.1.0"
      }
    },
    "node_modules/random-access-storage": {
      "version": "3.0.0",
      "resolved": "https://registry.npmjs.org/random-access-storage/-/random-access-storage-3.0.0.tgz",
      "integrity": "sha512-f9KeHUMhrqj0hE2d4HbUXk/Cd5vElaVzdA0PuqPTlnxsG3dDvwQaMg8POT5tWK6UxJ80zAONZpHgLPMnnff1RA==",
      "dependencies": {
        "events": "^3.3.0",
        "queue-tick": "^1.0.0"
      }
    },
    "node_modules/uv-errors": {
      "version": "1.0.4",
      "resolved": "https://registry.npmjs.org/uv-errors/-/uv-errors-1.0.4.tgz",
      "integrity": "sha512-6hlu1s0O+t+PHEMgAIVb+JxOOIyc4RdYaKwtDNJNQp6R3uMMBjfrSYysHTVgX/o1QQ0tBucwm/pIAkiXEBLxTA==",
      "optional": true
    },
    "node_modules/ws": {
      "version": "8.13.0",
      "resolved": "https://registry.npmjs.org/ws/-/ws-8.13.0.tgz",
      "integrity": "sha512-x9vcZYTrFPC7aSIbj7sRCYo7L/Xb8Iy+pW0ng0wt2vCJv7M9HOMy0UoN3rr+IFC7hb7vXoqS+P9ktyLLLhO+LA==",
      "engines": {
        "node": ">=10.0.0"
      },
      "peerDependencies": {
        "bufferutil": "^4.0.1",
        "utf-8-validate": ">=5.0.2"
      },
      "peerDependenciesMeta": {
        "bufferutil": {
          "optional": true
        },
        "utf-8-validate": {
          "optional": true
        }
      }
    }
  },
  "dependencies": {
    "events": {
      "version": "3.3.0",
      "resolved": "https://registry.npmjs.org/events/-/events-3.3.0.tgz",
      "integrity": "sha512-mQw+2fkQbALzQ7V0MY0IqdnXNOeTtP4r0lN9z7AAawCXgqea7bDii20AYrIBrFd/Hx0M2Ocz6S111CaFkUcb0Q=="
    },
    "fs-native-extensions": {
      "version": "1.2.1",
      "resolved": "https://registry.npmjs.org/fs-native-extensions/-/fs-native-extensions-1.2.1.tgz",
      "integrity": "sha512-dbRr0JJjosPyYvrG3cuampPRRCG3MeLraK2QTc1nJa9bHUmthRXMQ+RreWlZFma+GY5sujYq/OtHQ2+My9gyVw==",
      "optional": true,
      "requires": {
        "napi-macros": "^2.0.0",
        "node-gyp-build": "^4.2.3",
        "uv-errors": "^1.0.1"
      }
    },
    "napi-macros": {
      "version": "2.2.2",
      "resolved": "https://registry.npmjs.org/napi-macros/-/napi-macros-2.2.2.tgz",
      "integrity": "sha512-hmEVtAGYzVQpCKdbQea4skABsdXW4RUh5t5mJ2zzqowJS2OyXZTU1KhDVFhx+NlWZ4ap9mqR9TcDO3LTTttd+g==",
      "optional": true
    },
    "node-gyp-build": {
      "version": "4.6.0",
      "resolved": "https://registry.npmjs.org/node-gyp-build/-/node-gyp-build-4.6.0.tgz",
      "integrity": "sha512-NTZVKn9IylLwUzaKjkas1e4u2DLNcV4rdYagA4PWdPwW87Bi7z+BznyKSRwS/761tV/lzCGXplWsiaMjLqP2zQ==",
      "optional": true
    },
    "queue-tick": {
      "version": "1.0.1",
      "resolved": "https://registry.npmjs.org/queue-tick/-/queue-tick-1.0.1.tgz",
      "integrity": "sha512-kJt5qhMxoszgU/62PLP1CJytzd2NKetjSRnyuj31fDd3Rlcz3fzlFdFLD1SItunPwyqEOkca6GbV612BWfaBag=="
    },
    "random-access-file": {
      "version": "4.0.0",
      "resolved": "https://registry.npmjs.org/random-access-file/-/random-access-file-4.0.0.tgz",
      "integrity": "sha512-9nk4xujIoF1bGVxd6XiM/3cnJevNYLAjv9nPmJXbCn/3fxXBr9jb9IodIDJvtiTKFwVzlwGzGGqM+zVbRw6Yaw==",
      "requires": {
        "fs-native-extensions": "^1.1.0",
        "random-access-storage": "^3.0.0"
      }
    },
    "random-access-storage": {
      "version": "3.0.0",
      "resolved": "https://registry.npmjs.org/random-access-storage/-/random-access-storage-3.0.0.tgz",
      "integrity": "sha512-f9KeHUMhrqj0hE2d4HbUXk/Cd5vElaVzdA0PuqPTlnxsG3dDvwQaMg8POT5tWK6UxJ80zAONZpHgLPMnnff1RA==",
      "requires": {
        "events": "^3.3.0",
        "queue-tick": "^1.0.0"
      }
    },
    "uv-errors": {
      "version": "1.0.4",
      "resolved": "https://registry.npmjs.org/uv-errors/-/uv-errors-1.0.4.tgz",
      "integrity": "sha512-6hlu1s0O+t+PHEMgAIVb+JxOOIyc4RdYaKwtDNJNQp6R3uMMBjfrSYysHTVgX/o1QQ0tBucwm/pIAkiXEBLxTA==",
      "optional": true
    },
    "ws": {
      "version": "8.13.0",
      "resolved": "https://registry.npmjs.org/ws/-/ws-8.13.0.tgz",
      "integrity": "sha512-x9vcZYTrFPC7aSIbj7sRCYo7L/Xb8Iy+pW0ng0wt2vCJv7M9HOMy0UoN3rr+IFC7hb7vXoqS+P9ktyLLLhO+LA==",
      "requires": {}
    }
  }
}
